
Microsoft Visual Studio Solution File, Format Version 12.00
# Visual Studio Version 17
VisualStudioVersion = 17.7.34009.444
MinimumVisualStudioVersion = 10.0.40219.1
Project("{FAE04EC0-301F-11D3-BF4B-00C04F79EFBC}") = "HelloWorld", "HelloWorld\HelloWorld.csproj", "{A6411D44-977B-4790-BE7A-02672CB8FEE4}"
EndProject
Global
	GlobalSection(SolutionConfigurationPlatforms) = preSolution
		Debug|Any CPU = Debug|Any CPU
		Release|Any CPU = Release|Any CPU
	EndGlobalSection
	GlobalSection(ProjectConfigurationPlatforms) = postSolution
		{A6411D44-977B-4790-BE7A-02672CB8FEE4}.Debug|Any CPU.ActiveCfg = Debug|Any CPU
		{A6411D44-977B-4790-BE7A-02672CB8FEE4}.Debug|Any CPU.Build.0 = Debug|Any CPU
		{A6411D44-977B-4790-BE7A-02672CB8FEE4}.Release|Any CPU.ActiveCfg = Release|Any CPU
		{A6411D44-977B-4790-BE7A-02672CB8FEE4}.Release|Any CPU.Build.0 = Release|Any CPU
	EndGlobalSection
	GlobalSection(SolutionProperties) = preSolution
		HideSolutionNode = FALSE
	EndGlobalSection
	GlobalSection(ExtensibilityGlobals) = postSolution
		SolutionGuid = {999C8478-7645-45AF-87CF-BD4E07DA317E}
	EndGlobalSection
EndGlobal
