
Microsoft Visual Studio Solution File, Format Version 12.00
# Visual Studio Version 17
VisualStudioVersion = 17.7.34009.444
MinimumVisualStudioVersion = 10.0.40219.1
Project("{8BC9CEB8-8B4A-11D0-8D11-00A0C91BC942}") = "HallamNathan_IT312_Final_FarkleGame", "HallamNathan_IT312_Final_FarkleGame\HallamNathan_IT312_Final_FarkleGame.vcxproj", "{24AABE99-65B8-40F1-8476-905DFAC98010}"
EndProject
Global
	GlobalSection(SolutionConfigurationPlatforms) = preSolution
		Debug|x64 = Debug|x64
		Debug|x86 = Debug|x86
		Release|x64 = Release|x64
		Release|x86 = Release|x86
	EndGlobalSection
	GlobalSection(ProjectConfigurationPlatforms) = postSolution
		{24AABE99-65B8-40F1-8476-905DFAC98010}.Debug|x64.ActiveCfg = Debug|x64
		{24AABE99-65B8-40F1-8476-905DFAC98010}.Debug|x64.Build.0 = Debug|x64
		{24AABE99-65B8-40F1-8476-905DFAC98010}.Debug|x86.ActiveCfg = Debug|Win32
		{24AABE99-65B8-40F1-8476-905DFAC98010}.Debug|x86.Build.0 = Debug|Win32
		{24AABE99-65B8-40F1-8476-905DFAC98010}.Release|x64.ActiveCfg = Release|x64
		{24AABE99-65B8-40F1-8476-905DFAC98010}.Release|x64.Build.0 = Release|x64
		{24AABE99-65B8-40F1-8476-905DFAC98010}.Release|x86.ActiveCfg = Release|Win32
		{24AABE99-65B8-40F1-8476-905DFAC98010}.Release|x86.Build.0 = Release|Win32
	EndGlobalSection
	GlobalSection(SolutionProperties) = preSolution
		HideSolutionNode = FALSE
	EndGlobalSection
	GlobalSection(ExtensibilityGlobals) = postSolution
		SolutionGuid = {4ECDDD0E-7B5A-4B97-B31D-CAD0D886FCCD}
	EndGlobalSection
EndGlobal
